// !$*UTF8*$!
{
	archiveVersion = 1;
	classes = {
	};
	objectVersion = 77;
	objects = {

/* Begin PBXContainerItemProxy section */
		5476E0C92DDDCA3A001B452A /* PBXContainerItemProxy */ = {
			isa = PBXContainerItemProxy;
			containerPortal = 5476E0AD2DDDCA38001B452A /* Project object */;
			proxyType = 1;
			remoteGlobalIDString = 5476E0B42DDDCA38001B452A;
			remoteInfo = "Collage-me";
		};
		5476E0D32DDDCA3A001B452A /* PBXContainerItemProxy */ = {
			isa = PBXContainerItemProxy;
			containerPortal = 5476E0AD2DDDCA38001B452A /* Project object */;
			proxyType = 1;
			remoteGlobalIDString = 5476E0B42DDDCA38001B452A;
			remoteInfo = "Collage-me";
		};
/* End PBXContainerItemProxy section */

/* Begin PBXFileReference section */
		5476E0B52DDDCA38001B452A /* Collage-me.app */ = {isa = PBXFileReference; explicitFileType = wrapper.application; includeInIndex = 0; path = "Collage-me.app"; sourceTree = BUILT_PRODUCTS_DIR; };
		5476E0C82DDDCA3A001B452A /* Collage-meTests.xctest */ = {isa = PBXFileReference; explicitFileType = wrapper.cfbundle; includeInIndex = 0; path = "Collage-meTests.xctest"; sourceTree = BUILT_PRODUCTS_DIR; };
		5476E0D22DDDCA3A001B452A /* Collage-meUITests.xctest */ = {isa = PBXFileReference; explicitFileType = wrapper.cfbundle; includeInIndex = 0; path = "Collage-meUITests.xctest"; sourceTree = BUILT_PRODUCTS_DIR; };
/* End PBXFileReference section */

/* Begin PBXFileSystemSynchronizedRootGroup section */
		5476E0B72DDDCA38001B452A /* Collage-me */ = {
			isa = PBXFileSystemSynchronizedRootGroup;
			path = "Collage-me";
			sourceTree = "<group>";
		};
		5476E0CB2DDDCA3A001B452A /* Collage-meTests */ = {
			isa = PBXFileSystemSynchronizedRootGroup;
			path = "Collage-meTests";
			sourceTree = "<group>";
		};
		5476E0D52DDDCA3A001B452A /* Collage-meUITests */ = {
			isa = PBXFileSystemSynchronizedRootGroup;
			path = "Collage-meUITests";
			sourceTree = "<group>";
		};
/* End PBXFileSystemSynchronizedRootGroup section */

/* Begin PBXFrameworksBuildPhase section */
		5476E0B22DDDCA38001B452A /* Frameworks */ = {
			isa = PBXFrameworksBuildPhase;
			buildActionMask = 2147483647;
			files = (
			);
			runOnlyForDeploymentPostprocessing = 0;
		};
		5476E0C52DDDCA3A001B452A /* Frameworks */ = {
			isa = PBXFrameworksBuildPhase;
			buildActionMask = 2147483647;
			files = (
			);
			runOnlyForDeploymentPostprocessing = 0;
		};
		5476E0CF2DDDCA3A001B452A /* Frameworks */ = {
			isa = PBXFrameworksBuildPhase;
			buildActionMask = 2147483647;
			files = (
			);
			runOnlyForDeploymentPostprocessing = 0;
		};
/* End PBXFrameworksBuildPhase section */

/* Begin PBXGroup section */
		5476E0AC2DDDCA38001B452A = {
			isa = PBXGroup;
			children = (
				5476E0B72DDDCA38001B452A /* Collage-me */,
				5476E0CB2DDDCA3A001B452A /* Collage-meTests */,
				5476E0D52DDDCA3A001B452A /* Collage-meUITests */,
				5476E0B62DDDCA38001B452A /* Products */,
			);
			sourceTree = "<group>";
		};
		5476E0B62DDDCA38001B452A /* Products */ = {
			isa = PBXGroup;
			children = (
				5476E0B52DDDCA38001B452A /* Collage-me.app */,
				5476E0C82DDDCA3A001B452A /* Collage-meTests.xctest */,
				5476E0D22DDDCA3A001B452A /* Collage-meUITests.xctest */,
			);
			name = Products;
			sourceTree = "<group>";
		};
/* End PBXGroup section */

/* Begin PBXNativeTarget section */
		5476E0B42DDDCA38001B452A /* Collage-me */ = {
			isa = PBXNativeTarget;
			buildConfigurationList = 5476E0DC2DDDCA3A001B452A /* Build configuration list for PBXNativeTarget "Collage-me" */;
			buildPhases = (
				5476E0B12DDDCA38001B452A /* Sources */,
				5476E0B22DDDCA38001B452A /* Frameworks */,
				5476E0B32DDDCA38001B452A /* Resources */,
			);
			buildRules = (
			);
			dependencies = (
			);
			fileSystemSynchronizedGroups = (
				5476E0B72DDDCA38001B452A /* Collage-me */,
			);
			name = "Collage-me";
			packageProductDependencies = (
			);
			productName = "Collage-me";
			productReference = 5476E0B52DDDCA38001B452A /* Collage-me.app */;
			productType = "com.apple.product-type.application";
		};
		5476E0C72DDDCA3A001B452A /* Collage-meTests */ = {
			isa = PBXNativeTarget;
			buildConfigurationList = 5476E0DF2DDDCA3A001B452A /* Build configuration list for PBXNativeTarget "Collage-meTests" */;
			buildPhases = (
				5476E0C42DDDCA3A001B452A /* Sources */,
				5476E0C52DDDCA3A001B452A /* Frameworks */,
				5476E0C62DDDCA3A001B452A /* Resources */,
			);
			buildRules = (
			);
			dependencies = (
				5476E0CA2DDDCA3A001B452A /* PBXTargetDependency */,
			);
			fileSystemSynchronizedGroups = (
				5476E0CB2DDDCA3A001B452A /* Collage-meTests */,
			);
			name = "Collage-meTests";
			packageProductDependencies = (
			);
			productName = "Collage-meTests";
			productReference = 5476E0C82DDDCA3A001B452A /* Collage-meTests.xctest */;
			productType = "com.apple.product-type.bundle.unit-test";
		};
		5476E0D12DDDCA3A001B452A /* Collage-meUITests */ = {
			isa = PBXNativeTarget;
			buildConfigurationList = 5476E0E22DDDCA3A001B452A /* Build configuration list for PBXNativeTarget "Collage-meUITests" */;
			buildPhases = (
				5476E0CE2DDDCA3A001B452A /* Sources */,
				5476E0CF2DDDCA3A001B452A /* Frameworks */,
				5476E0D02DDDCA3A001B452A /* Resources */,
			);
			buildRules = (
			);
			dependencies = (
				5476E0D42DDDCA3A001B452A /* PBXTargetDependency */,
			);
			fileSystemSynchronizedGroups = (
				5476E0D52DDDCA3A001B452A /* Collage-meUITests */,
			);
			name = "Collage-meUITests";
			packageProductDependencies = (
			);
			productName = "Collage-meUITests";
			productReference = 5476E0D22DDDCA3A001B452A /* Collage-meUITests.xctest */;
			productType = "com.apple.product-type.bundle.ui-testing";
		};
/* End PBXNativeTarget section */

/* Begin PBXProject section */
		5476E0AD2DDDCA38001B452A /* Project object */ = {
			isa = PBXProject;
			attributes = {
				BuildIndependentTargetsInParallel = 1;
				LastSwiftUpdateCheck = 1620;
				LastUpgradeCheck = 1620;
				TargetAttributes = {
					5476E0B42DDDCA38001B452A = {
						CreatedOnToolsVersion = 16.2;
					};
					5476E0C72DDDCA3A001B452A = {
						CreatedOnToolsVersion = 16.2;
						TestTargetID = 5476E0B42DDDCA38001B452A;
					};
					5476E0D12DDDCA3A001B452A = {
						CreatedOnToolsVersion = 16.2;
						TestTargetID = 5476E0B42DDDCA38001B452A;
					};
				};
			};
			buildConfigurationList = 5476E0B02DDDCA38001B452A /* Build configuration list for PBXProject "Collage-me" */;
			developmentRegion = en;
			hasScannedForEncodings = 0;
			knownRegions = (
				en,
				Base,
			);
			mainGroup = 5476E0AC2DDDCA38001B452A;
			minimizedProjectReferenceProxies = 1;
			preferredProjectObjectVersion = 77;
			productRefGroup = 5476E0B62DDDCA38001B452A /* Products */;
			projectDirPath = "";
			projectRoot = "";
			targets = (
				5476E0B42DDDCA38001B452A /* Collage-me */,
				5476E0C72DDDCA3A001B452A /* Collage-meTests */,
				5476E0D12DDDCA3A001B452A /* Collage-meUITests */,
			);
		};
/* End PBXProject section */

/* Begin PBXResourcesBuildPhase section */
		5476E0B32DDDCA38001B452A /* Resources */ = {
			isa = PBXResourcesBuildPhase;
			buildActionMask = 2147483647;
			files = (
			);
			runOnlyForDeploymentPostprocessing = 0;
		};
		5476E0C62DDDCA3A001B452A /* Resources */ = {
			isa = PBXResourcesBuildPhase;
			buildActionMask = 2147483647;
			files = (
			);
			runOnlyForDeploymentPostprocessing = 0;
		};
		5476E0D02DDDCA3A001B452A /* Resources */ = {
			isa = PBXResourcesBuildPhase;
			buildActionMask = 2147483647;
			files = (
			);
			runOnlyForDeploymentPostprocessing = 0;
		};
/* End PBXResourcesBuildPhase section */

/* Begin PBXSourcesBuildPhase section */
		5476E0B12DDDCA38001B452A /* Sources */ = {
			isa = PBXSourcesBuildPhase;
			buildActionMask = 2147483647;
			files = (
			);
			runOnlyForDeploymentPostprocessing = 0;
		};
		5476E0C42DDDCA3A001B452A /* Sources */ = {
			isa = PBXSourcesBuildPhase;
			buildActionMask = 2147483647;
			files = (
			);
			runOnlyForDeploymentPostprocessing = 0;
		};
		5476E0CE2DDDCA3A001B452A /* Sources */ = {
			isa = PBXSourcesBuildPhase;
			buildActionMask = 2147483647;
			files = (
			);
			runOnlyForDeploymentPostprocessing = 0;
		};
/* End PBXSourcesBuildPhase section */

/* Begin PBXTargetDependency section */
		5476E0CA2DDDCA3A001B452A /* PBXTargetDependency */ = {
			isa = PBXTargetDependency;
			target = 5476E0B42DDDCA38001B452A /* Collage-me */;
			targetProxy = 5476E0C92DDDCA3A001B452A /* PBXContainerItemProxy */;
		};
		5476E0D42DDDCA3A001B452A /* PBXTargetDependency */ = {
			isa = PBXTargetDependency;
			target = 5476E0B42DDDCA38001B452A /* Collage-me */;
			targetProxy = 5476E0D32DDDCA3A001B452A /* PBXContainerItemProxy */;
		};
/* End PBXTargetDependency section */

/* Begin XCBuildConfiguration section */
		5476E0DA2DDDCA3A001B452A /* Debug */ = {
			isa = XCBuildConfiguration;
			buildSettings = {
				ALWAYS_SEARCH_USER_PATHS = NO;
				ASSETCATALOG_COMPILER_GENERATE_SWIFT_ASSET_SYMBOL_EXTENSIONS = YES;
				CLANG_ANALYZER_NONNULL = YES;
				CLANG_ANALYZER_NUMBER_OBJECT_CONVERSION = YES_AGGRESSIVE;
				CLANG_CXX_LANGUAGE_STANDARD = "gnu++20";
				CLANG_ENABLE_MODULES = YES;
				CLANG_ENABLE_OBJC_ARC = YES;
				CLANG_ENABLE_OBJC_WEAK = YES;
				CLANG_WARN_BLOCK_CAPTURE_AUTORELEASING = YES;
				CLANG_WARN_BOOL_CONVERSION = YES;
				CLANG_WARN_COMMA = YES;
				CLANG_WARN_CONSTANT_CONVERSION = YES;
				CLANG_WARN_DEPRECATED_OBJC_IMPLEMENTATIONS = YES;
				CLANG_WARN_DIRECT_OBJC_ISA_USAGE = YES_ERROR;
				CLANG_WARN_DOCUMENTATION_COMMENTS = YES;
				CLANG_WARN_EMPTY_BODY = YES;
				CLANG_WARN_ENUM_CONVERSION = YES;
				CLANG_WARN_INFINITE_RECURSION = YES;
				CLANG_WARN_INT_CONVERSION = YES;
				CLANG_WARN_NON_LITERAL_NULL_CONVERSION = YES;
				CLANG_WARN_OBJC_IMPLICIT_RETAIN_SELF = YES;
				CLANG_WARN_OBJC_LITERAL_CONVERSION = YES;
				CLANG_WARN_OBJC_ROOT_CLASS = YES_ERROR;
				CLANG_WARN_QUOTED_INCLUDE_IN_FRAMEWORK_HEADER = YES;
				CLANG_WARN_RANGE_LOOP_ANALYSIS = YES;
				CLANG_WARN_STRICT_PROTOTYPES = YES;
				CLANG_WARN_SUSPICIOUS_MOVE = YES;
				CLANG_WARN_UNGUARDED_AVAILABILITY = YES_AGGRESSIVE;
				CLANG_WARN_UNREACHABLE_CODE = YES;
				CLANG_WARN__DUPLICATE_METHOD_MATCH = YES;
				COPY_PHASE_STRIP = NO;
				DEBUG_INFORMATION_FORMAT = dwarf;
				ENABLE_STRICT_OBJC_MSGSEND = YES;
				ENABLE_TESTABILITY = YES;
				ENABLE_USER_SCRIPT_SANDBOXING = YES;
				GCC_C_LANGUAGE_STANDARD = gnu17;
				GCC_DYNAMIC_NO_PIC = NO;
				GCC_NO_COMMON_BLOCKS = YES;
				GCC_OPTIMIZATION_LEVEL = 0;
				GCC_PREPROCESSOR_DEFINITIONS = (
					"DEBUG=1",
					"$(inherited)",
				);
				GCC_WARN_64_TO_32_BIT_CONVERSION = YES;
				GCC_WARN_ABOUT_RETURN_TYPE = YES_ERROR;
				GCC_WARN_UNDECLARED_SELECTOR = YES;
				GCC_WARN_UNINITIALIZED_AUTOS = YES_AGGRESSIVE;
				GCC_WARN_UNUSED_FUNCTION = YES;
				GCC_WARN_UNUSED_VARIABLE = YES;
				LOCALIZATION_PREFERS_STRING_CATALOGS = YES;
				MACOSX_DEPLOYMENT_TARGET = 15.2;
				MTL_ENABLE_DEBUG_INFO = INCLUDE_SOURCE;
				MTL_FAST_MATH = YES;
				ONLY_ACTIVE_ARCH = YES;
				SDKROOT = macosx;
				SWIFT_ACTIVE_COMPILATION_CONDITIONS = "DEBUG $(inherited)";
				SWIFT_OPTIMIZATION_LEVEL = "-Onone";
			};
			name = Debug;
		};
		5476E0DB2DDDCA3A001B452A /* Release */ = {
			isa = XCBuildConfiguration;
			buildSettings = {
				ALWAYS_SEARCH_USER_PATHS = NO;
				ASSETCATALOG_COMPILER_GENERATE_SWIFT_ASSET_SYMBOL_EXTENSIONS = YES;
				CLANG_ANALYZER_NONNULL = YES;
				CLANG_ANALYZER_NUMBER_OBJECT_CONVERSION = YES_AGGRESSIVE;
				CLANG_CXX_LANGUAGE_STANDARD = "gnu++20";
				CLANG_ENABLE_MODULES = YES;
				CLANG_ENABLE_OBJC_ARC = YES;
				CLANG_ENABLE_OBJC_WEAK = YES;
				CLANG_WARN_BLOCK_CAPTURE_AUTORELEASING = YES;
				CLANG_WARN_BOOL_CONVERSION = YES;
				CLANG_WARN_COMMA = YES;
				CLANG_WARN_CONSTANT_CONVERSION = YES;
				CLANG_WARN_DEPRECATED_OBJC_IMPLEMENTATIONS = YES;
				CLANG_WARN_DIRECT_OBJC_ISA_USAGE = YES_ERROR;
				CLANG_WARN_DOCUMENTATION_COMMENTS = YES;
				CLANG_WARN_EMPTY_BODY = YES;
				CLANG_WARN_ENUM_CONVERSION = YES;
				CLANG_WARN_INFINITE_RECURSION = YES;
				CLANG_WARN_INT_CONVERSION = YES;
				CLANG_WARN_NON_LITERAL_NULL_CONVERSION = YES;
				CLANG_WARN_OBJC_IMPLICIT_RETAIN_SELF = YES;
				CLANG_WARN_OBJC_LITERAL_CONVERSION = YES;
				CLANG_WARN_OBJC_ROOT_CLASS = YES_ERROR;
				CLANG_WARN_QUOTED_INCLUDE_IN_FRAMEWORK_HEADER = YES;
				CLANG_WARN_RANGE_LOOP_ANALYSIS = YES;
				CLANG_WARN_STRICT_PROTOTYPES = YES;
				CLANG_WARN_SUSPICIOUS_MOVE = YES;
				CLANG_WARN_UNGUARDED_AVAILABILITY = YES_AGGRESSIVE;
				CLANG_WARN_UNREACHABLE_CODE = YES;
				CLANG_WARN__DUPLICATE_METHOD_MATCH = YES;
				COPY_PHASE_STRIP = NO;
				DEBUG_INFORMATION_FORMAT = "dwarf-with-dsym";
				ENABLE_NS_ASSERTIONS = NO;
				ENABLE_STRICT_OBJC_MSGSEND = YES;
				ENABLE_USER_SCRIPT_SANDBOXING = YES;
				GCC_C_LANGUAGE_STANDARD = gnu17;
				GCC_NO_COMMON_BLOCKS = YES;
				GCC_WARN_64_TO_32_BIT_CONVERSION = YES;
				GCC_WARN_ABOUT_RETURN_TYPE = YES_ERROR;
				GCC_WARN_UNDECLARED_SELECTOR = YES;
				GCC_WARN_UNINITIALIZED_AUTOS = YES_AGGRESSIVE;
				GCC_WARN_UNUSED_FUNCTION = YES;
				GCC_WARN_UNUSED_VARIABLE = YES;
				LOCALIZATION_PREFERS_STRING_CATALOGS = YES;
				MACOSX_DEPLOYMENT_TARGET = 15.2;
				MTL_ENABLE_DEBUG_INFO = NO;
				MTL_FAST_MATH = YES;
				SDKROOT = macosx;
				SWIFT_COMPILATION_MODE = wholemodule;
			};
			name = Release;
		};
		5476E0DD2DDDCA3A001B452A /* Debug */ = {
			isa = XCBuildConfiguration;
			buildSettings = {
				ASSETCATALOG_COMPILER_APPICON_NAME = AppIcon;
				ASSETCATALOG_COMPILER_GLOBAL_ACCENT_COLOR_NAME = AccentColor;
				CODE_SIGN_ENTITLEMENTS = "Collage-me/Collage_me.entitlements";
				CODE_SIGN_STYLE = Automatic;
				COMBINE_HIDPI_IMAGES = YES;
				CURRENT_PROJECT_VERSION = 1;
				DEVELOPMENT_ASSET_PATHS = "\"Collage-me/Preview Content\"";
				DEVELOPMENT_TEAM = QL8R452BWG;
				ENABLE_HARDENED_RUNTIME = YES;
				ENABLE_PREVIEWS = YES;
				GENERATE_INFOPLIST_FILE = YES;
				INFOPLIST_KEY_NSHumanReadableCopyright = "";
				LD_RUNPATH_SEARCH_PATHS = (
					"$(inherited)",
					"@executable_path/../Frameworks",
				);
				MACOSX_DEPLOYMENT_TARGET = 14.0;
				MARKETING_VERSION = 1.0;
				PRODUCT_BUNDLE_IDENTIFIER = "com.swiftData.mdo.Collage-me";
				PRODUCT_NAME = "$(TARGET_NAME)";
				SWIFT_EMIT_LOC_STRINGS = YES;
				SWIFT_VERSION = 5.0;
			};
			name = Debug;
		};
		5476E0DE2DDDCA3A001B452A /* Release */ = {
			isa = XCBuildConfiguration;
			buildSettings = {
				ASSETCATALOG_COMPILER_APPICON_NAME = AppIcon;
				ASSETCATALOG_COMPILER_GLOBAL_ACCENT_COLOR_NAME = AccentColor;
				CODE_SIGN_ENTITLEMENTS = "Collage-me/Collage_me.entitlements";
				CODE_SIGN_STYLE = Automatic;
				COMBINE_HIDPI_IMAGES = YES;
				CURRENT_PROJECT_VERSION = 1;
				DEVELOPMENT_ASSET_PATHS = "\"Collage-me/Preview Content\"";
				DEVELOPMENT_TEAM = QL8R452BWG;
				ENABLE_HARDENED_RUNTIME = YES;
				ENABLE_PREVIEWS = YES;
				GENERATE_INFOPLIST_FILE = YES;
				INFOPLIST_KEY_NSHumanReadableCopyright = "";
				LD_RUNPATH_SEARCH_PATHS = (
					"$(inherited)",
					"@executable_path/../Frameworks",
				);
				MACOSX_DEPLOYMENT_TARGET = 14.0;
				MARKETING_VERSION = 1.0;
				PRODUCT_BUNDLE_IDENTIFIER = "com.swiftData.mdo.Collage-me";
				PRODUCT_NAME = "$(TARGET_NAME)";
				SWIFT_EMIT_LOC_STRINGS = YES;
				SWIFT_VERSION = 5.0;
			};
			name = Release;
		};
		5476E0E02DDDCA3A001B452A /* Debug */ = {
			isa = XCBuildConfiguration;
			buildSettings = {
				BUNDLE_LOADER = "$(TEST_HOST)";
				CODE_SIGN_STYLE = Automatic;
				CURRENT_PROJECT_VERSION = 1;
				DEVELOPMENT_TEAM = QL8R452BWG;
				GENERATE_INFOPLIST_FILE = YES;
				MACOSX_DEPLOYMENT_TARGET = 14.0;
				MARKETING_VERSION = 1.0;
				PRODUCT_BUNDLE_IDENTIFIER = "com.swiftData.mdo.Collage-meTests";
				PRODUCT_NAME = "$(TARGET_NAME)";
				SWIFT_EMIT_LOC_STRINGS = NO;
				SWIFT_VERSION = 5.0;
				TEST_HOST = "$(BUILT_PRODUCTS_DIR)/Collage-me.app/$(BUNDLE_EXECUTABLE_FOLDER_PATH)/Collage-me";
			};
			name = Debug;
		};
		5476E0E12DDDCA3A001B452A /* Release */ = {
			isa = XCBuildConfiguration;
			buildSettings = {
				BUNDLE_LOADER = "$(TEST_HOST)";
				CODE_SIGN_STYLE = Automatic;
				CURRENT_PROJECT_VERSION = 1;
				DEVELOPMENT_TEAM = QL8R452BWG;
				GENERATE_INFOPLIST_FILE = YES;
				MACOSX_DEPLOYMENT_TARGET = 14.0;
				MARKETING_VERSION = 1.0;
				PRODUCT_BUNDLE_IDENTIFIER = "com.swiftData.mdo.Collage-meTests";
				PRODUCT_NAME = "$(TARGET_NAME)";
				SWIFT_EMIT_LOC_STRINGS = NO;
				SWIFT_VERSION = 5.0;
				TEST_HOST = "$(BUILT_PRODUCTS_DIR)/Collage-me.app/$(BUNDLE_EXECUTABLE_FOLDER_PATH)/Collage-me";
			};
			name = Release;
		};
		5476E0E32DDDCA3A001B452A /* Debug */ = {
			isa = XCBuildConfiguration;
			buildSettings = {
				CODE_SIGN_STYLE = Automatic;
				CURRENT_PROJECT_VERSION = 1;
				DEVELOPMENT_TEAM = QL8R452BWG;
				GENERATE_INFOPLIST_FILE = YES;
				MARKETING_VERSION = 1.0;
				PRODUCT_BUNDLE_IDENTIFIER = "com.swiftData.mdo.Collage-meUITests";
				PRODUCT_NAME = "$(TARGET_NAME)";
				SWIFT_EMIT_LOC_STRINGS = NO;
				SWIFT_VERSION = 5.0;
				TEST_TARGET_NAME = "Collage-me";
			};
			name = Debug;
		};
		5476E0E42DDDCA3A001B452A /* Release */ = {
			isa = XCBuildConfiguration;
			buildSettings = {
				CODE_SIGN_STYLE = Automatic;
				CURRENT_PROJECT_VERSION = 1;
				DEVELOPMENT_TEAM = QL8R452BWG;
				GENERATE_INFOPLIST_FILE = YES;
				MARKETING_VERSION = 1.0;
				PRODUCT_BUNDLE_IDENTIFIER = "com.swiftData.mdo.Collage-meUITests";
				PRODUCT_NAME = "$(TARGET_NAME)";
				SWIFT_EMIT_LOC_STRINGS = NO;
				SWIFT_VERSION = 5.0;
				TEST_TARGET_NAME = "Collage-me";
			};
			name = Release;
		};
/* End XCBuildConfiguration section */

/* Begin XCConfigurationList section */
		5476E0B02DDDCA38001B452A /* Build configuration list for PBXProject "Collage-me" */ = {
			isa = XCConfigurationList;
			buildConfigurations = (
				5476E0DA2DDDCA3A001B452A /* Debug */,
				5476E0DB2DDDCA3A001B452A /* Release */,
			);
			defaultConfigurationIsVisible = 0;
			defaultConfigurationName = Release;
		};
		5476E0DC2DDDCA3A001B452A /* Build configuration list for PBXNativeTarget "Collage-me" */ = {
			isa = XCConfigurationList;
			buildConfigurations = (
				5476E0DD2DDDCA3A001B452A /* Debug */,
				5476E0DE2DDDCA3A001B452A /* Release */,
			);
			defaultConfigurationIsVisible = 0;
			defaultConfigurationName = Release;
		};
		5476E0DF2DDDCA3A001B452A /* Build configuration list for PBXNativeTarget "Collage-meTests" */ = {
			isa = XCConfigurationList;
			buildConfigurations = (
				5476E0E02DDDCA3A001B452A /* Debug */,
				5476E0E12DDDCA3A001B452A /* Release */,
			);
			defaultConfigurationIsVisible = 0;
			defaultConfigurationName = Release;
		};
		5476E0E22DDDCA3A001B452A /* Build configuration list for PBXNativeTarget "Collage-meUITests" */ = {
			isa = XCConfigurationList;
			buildConfigurations = (
				5476E0E32DDDCA3A001B452A /* Debug */,
				5476E0E42DDDCA3A001B452A /* Release */,
			);
			defaultConfigurationIsVisible = 0;
			defaultConfigurationName = Release;
		};
/* End XCConfigurationList section */
	};
	rootObject = 5476E0AD2DDDCA38001B452A /* Project object */;
}
